
Microsoft Visual Studio Solution File, Format Version 12.00
# Visual Studio 15
VisualStudioVersion = 15.0.27130.2036
MinimumVisualStudioVersion = 10.0.40219.1
Project("{FAE04EC0-301F-11D3-BF4B-00C04F79EFBC}") = "XtrmAddons.Fotootof.Lib.Api", "XtrmAddons.Fotootof.Lib.Api\XtrmAddons.Fotootof.Lib.Api.csproj", "{10851D07-11EA-4773-8B05-1228D9714FE1}"
EndProject
Project("{FAE04EC0-301F-11D3-BF4B-00C04F79EFBC}") = "XtrmAddons.Fotootof", "XtrmAddons.Fotootof\XtrmAddons.Fotootof.csproj", "{E6140D86-5100-4D92-B1FE-CECEA71589D0}"
EndProject
Project("{FAE04EC0-301F-11D3-BF4B-00C04F79EFBC}") = "XtrmAddons.Fotootof.Lib.Base", "XtrmAddons.Fotootof.Lib.Base\XtrmAddons.Fotootof.Lib.Base.csproj", "{9F2C8951-005F-41A7-9232-9A55D9E82B55}"
EndProject
Project("{FAE04EC0-301F-11D3-BF4B-00C04F79EFBC}") = "XtrmAddons.Fotootof.Lib.HttpClient", "XtrmAddons.Fotootof.Lib.HttpClient\XtrmAddons.Fotootof.Lib.HttpClient.csproj", "{470D1482-F772-483E-A922-FA2AC4E517DF}"
EndProject
Project("{FAE04EC0-301F-11D3-BF4B-00C04F79EFBC}") = "XtrmAddons.Fotootof.Lib.HttpServer", "XtrmAddons.Fotootof.Lib.HttpServer\XtrmAddons.Fotootof.Lib.HttpServer.csproj", "{8696A839-D73C-4ACC-8A60-ACAA6E742BAF}"
EndProject
Project("{FAE04EC0-301F-11D3-BF4B-00C04F79EFBC}") = "XtrmAddons.Fotootof.Lib.SQLite", "XtrmAddons.Fotootof.Lib.SQLite\XtrmAddons.Fotootof.Lib.SQLite.csproj", "{C2740C1D-4580-4216-9CAC-18580C02A383}"
EndProject
Project("{FAE04EC0-301F-11D3-BF4B-00C04F79EFBC}") = "XtrmAddons.Fotootof.SQLiteService", "XtrmAddons.Fotootof.SQLiteService\XtrmAddons.Fotootof.SQLiteService.csproj", "{60688DA2-55CF-4E8D-8619-9E230C03CAEB}"
EndProject
Project("{FAE04EC0-301F-11D3-BF4B-00C04F79EFBC}") = "XtrmAddons.Fotootof.Culture", "XtrmAddons.Fotootof.Culture\XtrmAddons.Fotootof.Culture.csproj", "{A0C828D6-9AFA-48E6-B279-713869EE07EF}"
EndProject
Project("{FAE04EC0-301F-11D3-BF4B-00C04F79EFBC}") = "XtrmAddons.Fotootof.Template", "XtrmAddons.Fotootof.Template\XtrmAddons.Fotootof.Template.csproj", "{50E16040-6E0B-411F-A4A0-31A97A64F234}"
EndProject
Project("{FAE04EC0-301F-11D3-BF4B-00C04F79EFBC}") = "XtrmAddons.Fotootof.AddInsContracts", "XtrmAddons.Fotootof.AddInsContracts\XtrmAddons.Fotootof.AddInsContracts.csproj", "{1F76A5EF-20AB-4782-BBF7-53E585955B4C}"
EndProject
Project("{FAE04EC0-301F-11D3-BF4B-00C04F79EFBC}") = "XtrmAddons.Fotootof.PluginTest", "XtrmAddons.Fotootof.PluginTest\XtrmAddons.Fotootof.PluginTest.csproj", "{05D1C7CF-F0B1-4520-A460-303C0A636C4D}"
EndProject
Global
	GlobalSection(SolutionConfigurationPlatforms) = preSolution
		Debug|Any CPU = Debug|Any CPU
		Debug|x64 = Debug|x64
		Debug|x86 = Debug|x86
		Release|Any CPU = Release|Any CPU
		Release|x64 = Release|x64
		Release|x86 = Release|x86
	EndGlobalSection
	GlobalSection(ProjectConfigurationPlatforms) = postSolution
		{10851D07-11EA-4773-8B05-1228D9714FE1}.Debug|Any CPU.ActiveCfg = Debug|Any CPU
		{10851D07-11EA-4773-8B05-1228D9714FE1}.Debug|Any CPU.Build.0 = Debug|Any CPU
		{10851D07-11EA-4773-8B05-1228D9714FE1}.Debug|x64.ActiveCfg = Debug|Any CPU
		{10851D07-11EA-4773-8B05-1228D9714FE1}.Debug|x64.Build.0 = Debug|Any CPU
		{10851D07-11EA-4773-8B05-1228D9714FE1}.Debug|x86.ActiveCfg = Debug|Any CPU
		{10851D07-11EA-4773-8B05-1228D9714FE1}.Debug|x86.Build.0 = Debug|Any CPU
		{10851D07-11EA-4773-8B05-1228D9714FE1}.Release|Any CPU.ActiveCfg = Release|Any CPU
		{10851D07-11EA-4773-8B05-1228D9714FE1}.Release|Any CPU.Build.0 = Release|Any CPU
		{10851D07-11EA-4773-8B05-1228D9714FE1}.Release|x64.ActiveCfg = Release|Any CPU
		{10851D07-11EA-4773-8B05-1228D9714FE1}.Release|x64.Build.0 = Release|Any CPU
		{10851D07-11EA-4773-8B05-1228D9714FE1}.Release|x86.ActiveCfg = Release|Any CPU
		{10851D07-11EA-4773-8B05-1228D9714FE1}.Release|x86.Build.0 = Release|Any CPU
		{E6140D86-5100-4D92-B1FE-CECEA71589D0}.Debug|Any CPU.ActiveCfg = Debug|Any CPU
		{E6140D86-5100-4D92-B1FE-CECEA71589D0}.Debug|Any CPU.Build.0 = Debug|Any CPU
		{E6140D86-5100-4D92-B1FE-CECEA71589D0}.Debug|x64.ActiveCfg = Debug|x64
		{E6140D86-5100-4D92-B1FE-CECEA71589D0}.Debug|x64.Build.0 = Debug|x64
		{E6140D86-5100-4D92-B1FE-CECEA71589D0}.Debug|x86.ActiveCfg = Debug|x86
		{E6140D86-5100-4D92-B1FE-CECEA71589D0}.Debug|x86.Build.0 = Debug|x86
		{E6140D86-5100-4D92-B1FE-CECEA71589D0}.Release|Any CPU.ActiveCfg = Release|Any CPU
		{E6140D86-5100-4D92-B1FE-CECEA71589D0}.Release|Any CPU.Build.0 = Release|Any CPU
		{E6140D86-5100-4D92-B1FE-CECEA71589D0}.Release|x64.ActiveCfg = Release|x64
		{E6140D86-5100-4D92-B1FE-CECEA71589D0}.Release|x64.Build.0 = Release|x64
		{E6140D86-5100-4D92-B1FE-CECEA71589D0}.Release|x86.ActiveCfg = Release|x86
		{E6140D86-5100-4D92-B1FE-CECEA71589D0}.Release|x86.Build.0 = Release|x86
		{9F2C8951-005F-41A7-9232-9A55D9E82B55}.Debug|Any CPU.ActiveCfg = Debug|Any CPU
		{9F2C8951-005F-41A7-9232-9A55D9E82B55}.Debug|Any CPU.Build.0 = Debug|Any CPU
		{9F2C8951-005F-41A7-9232-9A55D9E82B55}.Debug|x64.ActiveCfg = Debug|Any CPU
		{9F2C8951-005F-41A7-9232-9A55D9E82B55}.Debug|x64.Build.0 = Debug|Any CPU
		{9F2C8951-005F-41A7-9232-9A55D9E82B55}.Debug|x86.ActiveCfg = Debug|Any CPU
		{9F2C8951-005F-41A7-9232-9A55D9E82B55}.Debug|x86.Build.0 = Debug|Any CPU
		{9F2C8951-005F-41A7-9232-9A55D9E82B55}.Release|Any CPU.ActiveCfg = Release|Any CPU
		{9F2C8951-005F-41A7-9232-9A55D9E82B55}.Release|Any CPU.Build.0 = Release|Any CPU
		{9F2C8951-005F-41A7-9232-9A55D9E82B55}.Release|x64.ActiveCfg = Release|Any CPU
		{9F2C8951-005F-41A7-9232-9A55D9E82B55}.Release|x64.Build.0 = Release|Any CPU
		{9F2C8951-005F-41A7-9232-9A55D9E82B55}.Release|x86.ActiveCfg = Release|Any CPU
		{9F2C8951-005F-41A7-9232-9A55D9E82B55}.Release|x86.Build.0 = Release|Any CPU
		{470D1482-F772-483E-A922-FA2AC4E517DF}.Debug|Any CPU.ActiveCfg = Debug|Any CPU
		{470D1482-F772-483E-A922-FA2AC4E517DF}.Debug|Any CPU.Build.0 = Debug|Any CPU
		{470D1482-F772-483E-A922-FA2AC4E517DF}.Debug|x64.ActiveCfg = Debug|Any CPU
		{470D1482-F772-483E-A922-FA2AC4E517DF}.Debug|x64.Build.0 = Debug|Any CPU
		{470D1482-F772-483E-A922-FA2AC4E517DF}.Debug|x86.ActiveCfg = Debug|Any CPU
		{470D1482-F772-483E-A922-FA2AC4E517DF}.Debug|x86.Build.0 = Debug|Any CPU
		{470D1482-F772-483E-A922-FA2AC4E517DF}.Release|Any CPU.ActiveCfg = Release|Any CPU
		{470D1482-F772-483E-A922-FA2AC4E517DF}.Release|Any CPU.Build.0 = Release|Any CPU
		{470D1482-F772-483E-A922-FA2AC4E517DF}.Release|x64.ActiveCfg = Release|Any CPU
		{470D1482-F772-483E-A922-FA2AC4E517DF}.Release|x64.Build.0 = Release|Any CPU
		{470D1482-F772-483E-A922-FA2AC4E517DF}.Release|x86.ActiveCfg = Release|Any CPU
		{470D1482-F772-483E-A922-FA2AC4E517DF}.Release|x86.Build.0 = Release|Any CPU
		{8696A839-D73C-4ACC-8A60-ACAA6E742BAF}.Debug|Any CPU.ActiveCfg = Debug|Any CPU
		{8696A839-D73C-4ACC-8A60-ACAA6E742BAF}.Debug|Any CPU.Build.0 = Debug|Any CPU
		{8696A839-D73C-4ACC-8A60-ACAA6E742BAF}.Debug|x64.ActiveCfg = Debug|Any CPU
		{8696A839-D73C-4ACC-8A60-ACAA6E742BAF}.Debug|x64.Build.0 = Debug|Any CPU
		{8696A839-D73C-4ACC-8A60-ACAA6E742BAF}.Debug|x86.ActiveCfg = Debug|x86
		{8696A839-D73C-4ACC-8A60-ACAA6E742BAF}.Debug|x86.Build.0 = Debug|x86
		{8696A839-D73C-4ACC-8A60-ACAA6E742BAF}.Release|Any CPU.ActiveCfg = Release|Any CPU
		{8696A839-D73C-4ACC-8A60-ACAA6E742BAF}.Release|Any CPU.Build.0 = Release|Any CPU
		{8696A839-D73C-4ACC-8A60-ACAA6E742BAF}.Release|x64.ActiveCfg = Release|Any CPU
		{8696A839-D73C-4ACC-8A60-ACAA6E742BAF}.Release|x64.Build.0 = Release|Any CPU
		{8696A839-D73C-4ACC-8A60-ACAA6E742BAF}.Release|x86.ActiveCfg = Release|x86
		{8696A839-D73C-4ACC-8A60-ACAA6E742BAF}.Release|x86.Build.0 = Release|x86
		{C2740C1D-4580-4216-9CAC-18580C02A383}.Debug|Any CPU.ActiveCfg = Debug|Any CPU
		{C2740C1D-4580-4216-9CAC-18580C02A383}.Debug|Any CPU.Build.0 = Debug|Any CPU
		{C2740C1D-4580-4216-9CAC-18580C02A383}.Debug|x64.ActiveCfg = Debug|Any CPU
		{C2740C1D-4580-4216-9CAC-18580C02A383}.Debug|x64.Build.0 = Debug|Any CPU
		{C2740C1D-4580-4216-9CAC-18580C02A383}.Debug|x86.ActiveCfg = Debug|Any CPU
		{C2740C1D-4580-4216-9CAC-18580C02A383}.Debug|x86.Build.0 = Debug|Any CPU
		{C2740C1D-4580-4216-9CAC-18580C02A383}.Release|Any CPU.ActiveCfg = Release|Any CPU
		{C2740C1D-4580-4216-9CAC-18580C02A383}.Release|Any CPU.Build.0 = Release|Any CPU
		{C2740C1D-4580-4216-9CAC-18580C02A383}.Release|x64.ActiveCfg = Release|Any CPU
		{C2740C1D-4580-4216-9CAC-18580C02A383}.Release|x64.Build.0 = Release|Any CPU
		{C2740C1D-4580-4216-9CAC-18580C02A383}.Release|x86.ActiveCfg = Release|Any CPU
		{C2740C1D-4580-4216-9CAC-18580C02A383}.Release|x86.Build.0 = Release|Any CPU
		{60688DA2-55CF-4E8D-8619-9E230C03CAEB}.Debug|Any CPU.ActiveCfg = Debug|Any CPU
		{60688DA2-55CF-4E8D-8619-9E230C03CAEB}.Debug|Any CPU.Build.0 = Debug|Any CPU
		{60688DA2-55CF-4E8D-8619-9E230C03CAEB}.Debug|x64.ActiveCfg = Debug|Any CPU
		{60688DA2-55CF-4E8D-8619-9E230C03CAEB}.Debug|x64.Build.0 = Debug|Any CPU
		{60688DA2-55CF-4E8D-8619-9E230C03CAEB}.Debug|x86.ActiveCfg = Debug|Any CPU
		{60688DA2-55CF-4E8D-8619-9E230C03CAEB}.Debug|x86.Build.0 = Debug|Any CPU
		{60688DA2-55CF-4E8D-8619-9E230C03CAEB}.Release|Any CPU.ActiveCfg = Release|Any CPU
		{60688DA2-55CF-4E8D-8619-9E230C03CAEB}.Release|Any CPU.Build.0 = Release|Any CPU
		{60688DA2-55CF-4E8D-8619-9E230C03CAEB}.Release|x64.ActiveCfg = Release|Any CPU
		{60688DA2-55CF-4E8D-8619-9E230C03CAEB}.Release|x64.Build.0 = Release|Any CPU
		{60688DA2-55CF-4E8D-8619-9E230C03CAEB}.Release|x86.ActiveCfg = Release|Any CPU
		{60688DA2-55CF-4E8D-8619-9E230C03CAEB}.Release|x86.Build.0 = Release|Any CPU
		{A0C828D6-9AFA-48E6-B279-713869EE07EF}.Debug|Any CPU.ActiveCfg = Debug|Any CPU
		{A0C828D6-9AFA-48E6-B279-713869EE07EF}.Debug|Any CPU.Build.0 = Debug|Any CPU
		{A0C828D6-9AFA-48E6-B279-713869EE07EF}.Debug|x64.ActiveCfg = Debug|Any CPU
		{A0C828D6-9AFA-48E6-B279-713869EE07EF}.Debug|x64.Build.0 = Debug|Any CPU
		{A0C828D6-9AFA-48E6-B279-713869EE07EF}.Debug|x86.ActiveCfg = Debug|Any CPU
		{A0C828D6-9AFA-48E6-B279-713869EE07EF}.Debug|x86.Build.0 = Debug|Any CPU
		{A0C828D6-9AFA-48E6-B279-713869EE07EF}.Release|Any CPU.ActiveCfg = Release|Any CPU
		{A0C828D6-9AFA-48E6-B279-713869EE07EF}.Release|Any CPU.Build.0 = Release|Any CPU
		{A0C828D6-9AFA-48E6-B279-713869EE07EF}.Release|x64.ActiveCfg = Release|Any CPU
		{A0C828D6-9AFA-48E6-B279-713869EE07EF}.Release|x64.Build.0 = Release|Any CPU
		{A0C828D6-9AFA-48E6-B279-713869EE07EF}.Release|x86.ActiveCfg = Release|Any CPU
		{A0C828D6-9AFA-48E6-B279-713869EE07EF}.Release|x86.Build.0 = Release|Any CPU
		{50E16040-6E0B-411F-A4A0-31A97A64F234}.Debug|Any CPU.ActiveCfg = Debug|Any CPU
		{50E16040-6E0B-411F-A4A0-31A97A64F234}.Debug|Any CPU.Build.0 = Debug|Any CPU
		{50E16040-6E0B-411F-A4A0-31A97A64F234}.Debug|x64.ActiveCfg = Debug|Any CPU
		{50E16040-6E0B-411F-A4A0-31A97A64F234}.Debug|x64.Build.0 = Debug|Any CPU
		{50E16040-6E0B-411F-A4A0-31A97A64F234}.Debug|x86.ActiveCfg = Debug|Any CPU
		{50E16040-6E0B-411F-A4A0-31A97A64F234}.Debug|x86.Build.0 = Debug|Any CPU
		{50E16040-6E0B-411F-A4A0-31A97A64F234}.Release|Any CPU.ActiveCfg = Release|Any CPU
		{50E16040-6E0B-411F-A4A0-31A97A64F234}.Release|Any CPU.Build.0 = Release|Any CPU
		{50E16040-6E0B-411F-A4A0-31A97A64F234}.Release|x64.ActiveCfg = Release|Any CPU
		{50E16040-6E0B-411F-A4A0-31A97A64F234}.Release|x64.Build.0 = Release|Any CPU
		{50E16040-6E0B-411F-A4A0-31A97A64F234}.Release|x86.ActiveCfg = Release|Any CPU
		{50E16040-6E0B-411F-A4A0-31A97A64F234}.Release|x86.Build.0 = Release|Any CPU
		{1F76A5EF-20AB-4782-BBF7-53E585955B4C}.Debug|Any CPU.ActiveCfg = Debug|Any CPU
		{1F76A5EF-20AB-4782-BBF7-53E585955B4C}.Debug|Any CPU.Build.0 = Debug|Any CPU
		{1F76A5EF-20AB-4782-BBF7-53E585955B4C}.Debug|x64.ActiveCfg = Debug|Any CPU
		{1F76A5EF-20AB-4782-BBF7-53E585955B4C}.Debug|x64.Build.0 = Debug|Any CPU
		{1F76A5EF-20AB-4782-BBF7-53E585955B4C}.Debug|x86.ActiveCfg = Debug|Any CPU
		{1F76A5EF-20AB-4782-BBF7-53E585955B4C}.Debug|x86.Build.0 = Debug|Any CPU
		{1F76A5EF-20AB-4782-BBF7-53E585955B4C}.Release|Any CPU.ActiveCfg = Release|Any CPU
		{1F76A5EF-20AB-4782-BBF7-53E585955B4C}.Release|Any CPU.Build.0 = Release|Any CPU
		{1F76A5EF-20AB-4782-BBF7-53E585955B4C}.Release|x64.ActiveCfg = Release|Any CPU
		{1F76A5EF-20AB-4782-BBF7-53E585955B4C}.Release|x64.Build.0 = Release|Any CPU
		{1F76A5EF-20AB-4782-BBF7-53E585955B4C}.Release|x86.ActiveCfg = Release|Any CPU
		{1F76A5EF-20AB-4782-BBF7-53E585955B4C}.Release|x86.Build.0 = Release|Any CPU
		{05D1C7CF-F0B1-4520-A460-303C0A636C4D}.Debug|Any CPU.ActiveCfg = Debug|Any CPU
		{05D1C7CF-F0B1-4520-A460-303C0A636C4D}.Debug|Any CPU.Build.0 = Debug|Any CPU
		{05D1C7CF-F0B1-4520-A460-303C0A636C4D}.Debug|x64.ActiveCfg = Debug|Any CPU
		{05D1C7CF-F0B1-4520-A460-303C0A636C4D}.Debug|x64.Build.0 = Debug|Any CPU
		{05D1C7CF-F0B1-4520-A460-303C0A636C4D}.Debug|x86.ActiveCfg = Debug|Any CPU
		{05D1C7CF-F0B1-4520-A460-303C0A636C4D}.Debug|x86.Build.0 = Debug|Any CPU
		{05D1C7CF-F0B1-4520-A460-303C0A636C4D}.Release|Any CPU.ActiveCfg = Release|Any CPU
		{05D1C7CF-F0B1-4520-A460-303C0A636C4D}.Release|Any CPU.Build.0 = Release|Any CPU
		{05D1C7CF-F0B1-4520-A460-303C0A636C4D}.Release|x64.ActiveCfg = Release|Any CPU
		{05D1C7CF-F0B1-4520-A460-303C0A636C4D}.Release|x64.Build.0 = Release|Any CPU
		{05D1C7CF-F0B1-4520-A460-303C0A636C4D}.Release|x86.ActiveCfg = Release|Any CPU
		{05D1C7CF-F0B1-4520-A460-303C0A636C4D}.Release|x86.Build.0 = Release|Any CPU
	EndGlobalSection
	GlobalSection(SolutionProperties) = preSolution
		HideSolutionNode = FALSE
	EndGlobalSection
	GlobalSection(ExtensibilityGlobals) = postSolution
		SolutionGuid = {DF4300C0-9431-4176-BF81-4BE97BBC1C0F}
	EndGlobalSection
EndGlobal
