
Microsoft Visual Studio Solution File, Format Version 12.00
# Visual Studio 15
VisualStudioVersion = 15.0.27703.2042
MinimumVisualStudioVersion = 10.0.40219.1
Project("{FAE04EC0-301F-11D3-BF4B-00C04F79EFBC}") = "FotootofServer.Controls.TreeViews.Storage", "FotootofServer.Controls.TreeViews.Storage\FotootofServer.Controls.TreeViews.Storage.csproj", "{3CFBD2CB-B9CB-4592-8D62-292DDC48214D}"
EndProject
Project("{FAE04EC0-301F-11D3-BF4B-00C04F79EFBC}") = "FotootofServer.Controls.ListViews.Storage", "FotootofServer.Controls.ListViews.Storage\FotootofServer.Controls.ListViews.Storage.csproj", "{69AE9449-D128-455F-9402-6B0264257044}"
EndProject
Project("{FAE04EC0-301F-11D3-BF4B-00C04F79EFBC}") = "FotootofComponent.Browser", "FotootofComponent.Browser\FotootofComponent.Browser.csproj", "{63DBFFDE-8E59-40B0-A245-8B18314632E1}"
EndProject
Global
	GlobalSection(SolutionConfigurationPlatforms) = preSolution
		Debug|Any CPU = Debug|Any CPU
		Release|Any CPU = Release|Any CPU
	EndGlobalSection
	GlobalSection(ProjectConfigurationPlatforms) = postSolution
		{3CFBD2CB-B9CB-4592-8D62-292DDC48214D}.Debug|Any CPU.ActiveCfg = Debug|Any CPU
		{3CFBD2CB-B9CB-4592-8D62-292DDC48214D}.Debug|Any CPU.Build.0 = Debug|Any CPU
		{3CFBD2CB-B9CB-4592-8D62-292DDC48214D}.Release|Any CPU.ActiveCfg = Release|Any CPU
		{3CFBD2CB-B9CB-4592-8D62-292DDC48214D}.Release|Any CPU.Build.0 = Release|Any CPU
		{69AE9449-D128-455F-9402-6B0264257044}.Debug|Any CPU.ActiveCfg = Debug|Any CPU
		{69AE9449-D128-455F-9402-6B0264257044}.Debug|Any CPU.Build.0 = Debug|Any CPU
		{69AE9449-D128-455F-9402-6B0264257044}.Release|Any CPU.ActiveCfg = Release|Any CPU
		{69AE9449-D128-455F-9402-6B0264257044}.Release|Any CPU.Build.0 = Release|Any CPU
		{63DBFFDE-8E59-40B0-A245-8B18314632E1}.Debug|Any CPU.ActiveCfg = Debug|Any CPU
		{63DBFFDE-8E59-40B0-A245-8B18314632E1}.Debug|Any CPU.Build.0 = Debug|Any CPU
		{63DBFFDE-8E59-40B0-A245-8B18314632E1}.Release|Any CPU.ActiveCfg = Release|Any CPU
		{63DBFFDE-8E59-40B0-A245-8B18314632E1}.Release|Any CPU.Build.0 = Release|Any CPU
	EndGlobalSection
	GlobalSection(SolutionProperties) = preSolution
		HideSolutionNode = FALSE
	EndGlobalSection
	GlobalSection(ExtensibilityGlobals) = postSolution
		SolutionGuid = {8E6EA7A3-7C6B-4A6C-8018-D174D9D556A8}
	EndGlobalSection
EndGlobal
